
Microsoft Visual Studio Solution File, Format Version 12.00
# Visual Studio 15
VisualStudioVersion = 15.0.28307.168
MinimumVisualStudioVersion = 10.0.40219.1
Project("{FAE04EC0-301F-11D3-BF4B-00C04F79EFBC}") = "2019WCSD3354WEEK05", "2019WCSD3354WEEK05\2019WCSD3354WEEK05.csproj", "{B1E4E51B-5AC0-4DBA-8C05-C3088A1F90B9}"
EndProject
Global
	GlobalSection(SolutionConfigurationPlatforms) = preSolution
		Debug|Any CPU = Debug|Any CPU
		Release|Any CPU = Release|Any CPU
	EndGlobalSection
	GlobalSection(ProjectConfigurationPlatforms) = postSolution
		{B1E4E51B-5AC0-4DBA-8C05-C3088A1F90B9}.Debug|Any CPU.ActiveCfg = Debug|Any CPU
		{B1E4E51B-5AC0-4DBA-8C05-C3088A1F90B9}.Debug|Any CPU.Build.0 = Debug|Any CPU
		{B1E4E51B-5AC0-4DBA-8C05-C3088A1F90B9}.Release|Any CPU.ActiveCfg = Release|Any CPU
		{B1E4E51B-5AC0-4DBA-8C05-C3088A1F90B9}.Release|Any CPU.Build.0 = Release|Any CPU
	EndGlobalSection
	GlobalSection(SolutionProperties) = preSolution
		HideSolutionNode = FALSE
	EndGlobalSection
	GlobalSection(ExtensibilityGlobals) = postSolution
		SolutionGuid = {E8E8C4B8-C14F-48DC-9E89-F07F57EAFF04}
	EndGlobalSection
EndGlobal
